
Microsoft Visual Studio Solution File, Format Version 12.00
# Visual Studio Version 16
VisualStudioVersion = 16.0.30621.155
MinimumVisualStudioVersion = 10.0.40219.1
Project("{FAE04EC0-301F-11D3-BF4B-00C04F79EFBC}") = "Bigu_Petronela_Lab5", "Bigu_Petronela_Lab5.csproj", "{766704DE-E9F7-4714-868E-3A05E591D545}"
EndProject
Global
	GlobalSection(SolutionConfigurationPlatforms) = preSolution
		Debug|Any CPU = Debug|Any CPU
		Release|Any CPU = Release|Any CPU
	EndGlobalSection
	GlobalSection(ProjectConfigurationPlatforms) = postSolution
		{766704DE-E9F7-4714-868E-3A05E591D545}.Debug|Any CPU.ActiveCfg = Debug|Any CPU
		{766704DE-E9F7-4714-868E-3A05E591D545}.Debug|Any CPU.Build.0 = Debug|Any CPU
		{766704DE-E9F7-4714-868E-3A05E591D545}.Release|Any CPU.ActiveCfg = Release|Any CPU
		{766704DE-E9F7-4714-868E-3A05E591D545}.Release|Any CPU.Build.0 = Release|Any CPU
	EndGlobalSection
	GlobalSection(SolutionProperties) = preSolution
		HideSolutionNode = FALSE
	EndGlobalSection
	GlobalSection(ExtensibilityGlobals) = postSolution
		SolutionGuid = {73C9679F-7189-4FD2-99F1-36BAFDBC6C26}
	EndGlobalSection
EndGlobal
